{
  "name": "sc-endpoints",
  "version": "0.1.3",
  "lockfileVersion": 1,
  "requires": true,
  "dependencies": {
    "@types/ag-channel": {
      "version": "4.0.0",
      "resolved": "https://registry.npmjs.org/@types/ag-channel/-/ag-channel-4.0.0.tgz",
      "integrity": "sha512-Z6Zi6mq5GGLbFPIf2ROTGHzkkzW+PVydGH0SzVgC5CiHUpsuOPGUw3AyZhbAsnEkaS+E0H8zO/k6rULrM0R/uw==",
      "dev": true,
      "requires": {
        "@types/consumable-stream": "*",
        "@types/stream-demux": "*",
        "@types/writable-consumable-stream": "*"
      }
    },
    "@types/ag-simple-broker": {
      "version": "4.0.0",
      "resolved": "https://registry.npmjs.org/@types/ag-simple-broker/-/ag-simple-broker-4.0.0.tgz",
      "integrity": "sha512-HuuXvhYXJS3dh1CDBA9wSi4i+ngaMn/lj+5Zlw0jfpZcpH2pTWl3wbxJwV9SEZDyLaJw2g0E0x8Ec5ovJIjT2g==",
      "dev": true,
      "requires": {
        "@types/ag-channel": "*",
        "@types/async-stream-emitter": "*",
        "@types/consumable-stream": "*",
        "@types/socketcluster-server": "*",
        "@types/writable-consumable-stream": "*"
      }
    },
    "@types/async": {
      "version": "3.2.5",
      "resolved": "https://registry.npmjs.org/@types/async/-/async-3.2.5.tgz",
      "integrity": "sha512-fdtHUdfIxSfU6crUgUOEb6vxdquAOa75bh1sQVL/ePkmQDNo8Aj1056eGGI9cPls5tLRhnAyfoXljEk+hmhbxg==",
      "dev": true
    },
    "@types/async-stream-emitter": {
      "version": "3.0.0",
      "resolved": "https://registry.npmjs.org/@types/async-stream-emitter/-/async-stream-emitter-3.0.0.tgz",
      "integrity": "sha512-wS0EPl8pBK0ZzoVQ9k4PYz/AcrF9Goc8TIwurVRl7fuihlTpZwKUe8v8iMydLD2nmN8wKPcMa0AUtB6+JsE92Q==",
      "dev": true,
      "requires": {
        "@types/consumable-stream": "*",
        "@types/writable-consumable-stream": "*"
      }
    },
    "@types/component-emitter": {
      "version": "1.2.10",
      "resolved": "https://registry.npmjs.org/@types/component-emitter/-/component-emitter-1.2.10.tgz",
      "integrity": "sha512-bsjleuRKWmGqajMerkzox19aGbscQX5rmmvvXl3wlIp5gMG1HgkiwPxsN5p070fBDKTNSPgojVbuY1+HWMbFhg==",
      "dev": true
    },
    "@types/consumable-stream": {
      "version": "1.0.0",
      "resolved": "https://registry.npmjs.org/@types/consumable-stream/-/consumable-stream-1.0.0.tgz",
      "integrity": "sha512-9q698XajyFxHK0aKQY/ofTvPjVrkDzE2Dq7W/Gzg8uPSt9k8maUe6PWonnNbARnKHKcc8d0vWjvyBBkAMyNLWQ==",
      "dev": true,
      "requires": {
        "@types/node": "*"
      }
    },
    "@types/expirymanager": {
      "version": "0.9.0",
      "resolved": "https://registry.npmjs.org/@types/expirymanager/-/expirymanager-0.9.0.tgz",
      "integrity": "sha512-xulG8b5SiBhpRE1Arfx3ji428mfhwQdas6/i+1IJhTLkyFifJ4rF+vve522ds2ZTiBKCUv9WHNuVF/V9PJCa2Q==",
      "dev": true
    },
    "@types/fleximap": {
      "version": "0.9.0",
      "resolved": "https://registry.npmjs.org/@types/fleximap/-/fleximap-0.9.0.tgz",
      "integrity": "sha512-7VsHgMM7l3jY+MXptDgzvROcEoikVgIxu+8d/qT0WijDl6RXdwAbAQYxu5sBCwUvlf0cEQwiDC4rOvkcm3h+hw==",
      "dev": true
    },
    "@types/jsonwebtoken": {
      "version": "8.5.1",
      "resolved": "https://registry.npmjs.org/@types/jsonwebtoken/-/jsonwebtoken-8.5.1.tgz",
      "integrity": "sha512-rNAPdomlIUX0i0cg2+I+Q1wOUr531zHBQ+cV/28PJ39bSPKjahatZZ2LMuhiguETkCgLVzfruw/ZvNMNkKoSzw==",
      "dev": true,
      "requires": {
        "@types/node": "*"
      }
    },
    "@types/ncom": {
      "version": "1.0.0",
      "resolved": "https://registry.npmjs.org/@types/ncom/-/ncom-1.0.0.tgz",
      "integrity": "sha512-9fmYuP/lvEVfzY+5nZ61ewM/ub9mDINn88BBflTyHX6D7wH5b8oFR3GXrmYjelx79shuogHhHMOtXODDBatVPQ==",
      "dev": true,
      "requires": {
        "@types/node": "*"
      }
    },
    "@types/node": {
      "version": "14.14.37",
      "resolved": "https://registry.npmjs.org/@types/node/-/node-14.14.37.tgz",
      "integrity": "sha512-XYmBiy+ohOR4Lh5jE379fV2IU+6Jn4g5qASinhitfyO71b/sCo6MKsMLF5tc7Zf2CE8hViVQyYSobJNke8OvUw==",
      "dev": true
    },
    "@types/sc-auth": {
      "version": "5.0.0",
      "resolved": "https://registry.npmjs.org/@types/sc-auth/-/sc-auth-5.0.0.tgz",
      "integrity": "sha512-V+wuOweEJDrVCMduXmS7zc60O6HGyd5Xm3ClzEXKJfQdrSuhoqvhDjOwbtRZAXCjHll12lBXECb2sht5Glp/6A==",
      "dev": true,
      "requires": {
        "@types/jsonwebtoken": "*"
      }
    },
    "@types/sc-broker": {
      "version": "8.0.1",
      "resolved": "https://registry.npmjs.org/@types/sc-broker/-/sc-broker-8.0.1.tgz",
      "integrity": "sha512-JacbIkcjKs3PIMyw8yuM3rrJf2kw39GMoT83tNyJfvhF0DBLU26OBsO4kxmi82SdnVUubeiSN4/whC4lhOpAYg==",
      "dev": true,
      "requires": {
        "@types/expirymanager": "*",
        "@types/fleximap": "*",
        "@types/ncom": "*"
      }
    },
    "@types/sc-broker-cluster": {
      "version": "9.0.0",
      "resolved": "https://registry.npmjs.org/@types/sc-broker-cluster/-/sc-broker-cluster-9.0.0.tgz",
      "integrity": "sha512-YELigRPopB65U8tpMcLZBqGMYx2eXWnZrmU8sUI0cGVA9EB6YORY6LyVgfzK6zV4X659pQPGwnspN80qzT+S2w==",
      "dev": true,
      "requires": {
        "@types/async": "*",
        "@types/expirymanager": "*",
        "@types/fleximap": "*",
        "@types/sc-broker": "*",
        "@types/sc-channel": "^1",
        "@types/socketcluster-server": "*"
      }
    },
    "@types/sc-channel": {
      "version": "1.2.1",
      "resolved": "https://registry.npmjs.org/@types/sc-channel/-/sc-channel-1.2.1.tgz",
      "integrity": "sha512-RYT2V1XlViii3CmPqlZQfv3ADaCzxGPhZfk6MWPfnv3z1dR9wCE/c9lehLtuCz0TYPJYPV48PoocvIdaPAMsUA==",
      "dev": true,
      "requires": {
        "@types/component-emitter": "*"
      }
    },
    "@types/sc-errors": {
      "version": "1.4.0",
      "resolved": "https://registry.npmjs.org/@types/sc-errors/-/sc-errors-1.4.0.tgz",
      "integrity": "sha512-WfBEiw/SVja1ZvJRdt37dOJFxp2llV35n9cPiDCDsFRSvTTYlO4iMFg+NyeEhiWBk1O4bvmyYpAEYzJx1DbHHQ==",
      "dev": true
    },
    "@types/socketcluster-server": {
      "version": "15.0.1",
      "resolved": "https://registry.npmjs.org/@types/socketcluster-server/-/socketcluster-server-15.0.1.tgz",
      "integrity": "sha512-zXEdaTKVHT3y1BUiMXfCVZjgv5Bv6fEuh91iKfPhNwCFf6uSqmZvnRTQStWy0SprzdCmrbVJjXb4/So9hW0PHg==",
      "dev": true,
      "requires": {
        "@types/ag-simple-broker": "*",
        "@types/async-stream-emitter": "*",
        "@types/consumable-stream": "*",
        "@types/jsonwebtoken": "*",
        "@types/sc-auth": "*",
        "@types/sc-broker-cluster": "*",
        "@types/sc-errors": "*",
        "@types/stream-demux": "*",
        "@types/writable-consumable-stream": "*",
        "@types/ws": "*"
      }
    },
    "@types/stream-demux": {
      "version": "7.0.0",
      "resolved": "https://registry.npmjs.org/@types/stream-demux/-/stream-demux-7.0.0.tgz",
      "integrity": "sha512-JbNzd38xcT2ZwLAG7YjO5OPaAhyItCeCNgXktNOEVJboi05xhRvWGP/EhKnRkJ0EcK+Hcz0J/zxYlLxYxUIa+A==",
      "dev": true,
      "requires": {
        "@types/consumable-stream": "*",
        "@types/writable-consumable-stream": "*"
      }
    },
    "@types/writable-consumable-stream": {
      "version": "1.1.0",
      "resolved": "https://registry.npmjs.org/@types/writable-consumable-stream/-/writable-consumable-stream-1.1.0.tgz",
      "integrity": "sha512-4owhgP9kLpaWEXAywGQJAIjkdrFzScGFpBHTzNDwKMygOlY+bBzPAqZhV5Ze6uLDCgg4k7WKoWdt0JBsXAUGiA==",
      "dev": true,
      "requires": {
        "@types/consumable-stream": "*"
      }
    },
    "@types/ws": {
      "version": "7.4.0",
      "resolved": "https://registry.npmjs.org/@types/ws/-/ws-7.4.0.tgz",
      "integrity": "sha512-Y29uQ3Uy+58bZrFLhX36hcI3Np37nqWE7ky5tjiDoy1GDZnIwVxS0CgF+s+1bXMzjKBFy+fqaRfb708iNzdinw==",
      "dev": true,
      "requires": {
        "@types/node": "*"
      }
    },
    "forint": {
      "version": "0.2.1",
      "resolved": "https://registry.npmjs.org/forint/-/forint-0.2.1.tgz",
      "integrity": "sha512-VMPjaYGE/lUZsEeqCtsVpnUOyt1jpyBz5vtVB+KN0cVnlHCsQ5r9Lo5pGpZ3pno/a4VGApmDSdq27HLoX2fgUw=="
    },
    "jsonschema": {
      "version": "1.4.0",
      "resolved": "https://registry.npmjs.org/jsonschema/-/jsonschema-1.4.0.tgz",
      "integrity": "sha512-/YgW6pRMr6M7C+4o8kS+B/2myEpHCrxO4PEWnqJNBFMjn7EWXqlQ4tGwL6xTHeRplwuZmcAncdvfOad1nT2yMw=="
    },
    "typescript": {
      "version": "4.2.3",
      "resolved": "https://registry.npmjs.org/typescript/-/typescript-4.2.3.tgz",
      "integrity": "sha512-qOcYwxaByStAWrBf4x0fibwZvMRG+r4cQoTjbPtUlrWjBHbmCAww1i448U0GJ+3cNNEtebDteo/cHOR3xJ4wEw==",
      "dev": true
    }
  }
}
